
Microsoft Visual Studio Solution File, Format Version 12.00
# Visual Studio Version 17
VisualStudioVersion = 17.0.31903.59
MinimumVisualStudioVersion = 10.0.40219.1
Project("{FAE04EC0-301F-11D3-BF4B-00C04F79EFBC}") = "CrawlCtrl", "src\CrawlCtrl\CrawlCtrl.csproj", "{6B96D50B-E609-4EDB-AD8D-D2E2AD35DF58}"
EndProject
Project("{FAE04EC0-301F-11D3-BF4B-00C04F79EFBC}") = "CrawlCtrl.IntegrationTests", "test\CrawlCtrl.IntegrationTests\CrawlCtrl.IntegrationTests.csproj", "{A69ABE96-F323-4CF0-A141-68F5C1CD5EC4}"
EndProject
Project("{FAE04EC0-301F-11D3-BF4B-00C04F79EFBC}") = "CrawlCtrl.UnitTests", "test\CrawlCtrl.UnitTests\CrawlCtrl.UnitTests.csproj", "{257C71A6-655D-42C6-9CC1-25BBA7BE5CAB}"
EndProject
Project("{FAE04EC0-301F-11D3-BF4B-00C04F79EFBC}") = "CrawlCtrl.Extensions.Microsoft.DependencyInjection", "src\CrawlCtrl.Extensions.Microsoft.DependencyInjection\CrawlCtrl.Extensions.Microsoft.DependencyInjection.csproj", "{38AA5550-CC5E-4577-98DC-A4EC000651F2}"
EndProject
Project("{FAE04EC0-301F-11D3-BF4B-00C04F79EFBC}") = "CrawlCtrl.Extensions.Microsoft.DependencyInjection.Test", "test\CrawlCtrl.Extensions.Microsoft.DependencyInjection.Test\CrawlCtrl.Extensions.Microsoft.DependencyInjection.Test.csproj", "{C2AD4BB5-64AB-488B-B89D-2F85B41173FA}"
EndProject
Project("{FAE04EC0-301F-11D3-BF4B-00C04F79EFBC}") = "CrawlCtrl.Reader", "src\CrawlCtrl.Reader\CrawlCtrl.Reader.csproj", "{8A72EACD-45F9-4AEA-8EFF-26C5B75398B9}"
EndProject
Project("{FAE04EC0-301F-11D3-BF4B-00C04F79EFBC}") = "CrawlCtrl.Reader.UnitTests", "test\CrawlCtrl.Reader.UnitTests\CrawlCtrl.Reader.UnitTests.csproj", "{F062B38C-D1ED-47F3-B5CA-973FDDC7222E}"
EndProject
Global
	GlobalSection(SolutionConfigurationPlatforms) = preSolution
		Debug|Any CPU = Debug|Any CPU
		Release|Any CPU = Release|Any CPU
	EndGlobalSection
	GlobalSection(SolutionProperties) = preSolution
		HideSolutionNode = FALSE
	EndGlobalSection
	GlobalSection(ProjectConfigurationPlatforms) = postSolution
		{6B96D50B-E609-4EDB-AD8D-D2E2AD35DF58}.Debug|Any CPU.ActiveCfg = Debug|Any CPU
		{6B96D50B-E609-4EDB-AD8D-D2E2AD35DF58}.Debug|Any CPU.Build.0 = Debug|Any CPU
		{6B96D50B-E609-4EDB-AD8D-D2E2AD35DF58}.Release|Any CPU.ActiveCfg = Release|Any CPU
		{6B96D50B-E609-4EDB-AD8D-D2E2AD35DF58}.Release|Any CPU.Build.0 = Release|Any CPU
		{A69ABE96-F323-4CF0-A141-68F5C1CD5EC4}.Debug|Any CPU.ActiveCfg = Debug|Any CPU
		{A69ABE96-F323-4CF0-A141-68F5C1CD5EC4}.Debug|Any CPU.Build.0 = Debug|Any CPU
		{A69ABE96-F323-4CF0-A141-68F5C1CD5EC4}.Release|Any CPU.ActiveCfg = Release|Any CPU
		{A69ABE96-F323-4CF0-A141-68F5C1CD5EC4}.Release|Any CPU.Build.0 = Release|Any CPU
		{257C71A6-655D-42C6-9CC1-25BBA7BE5CAB}.Debug|Any CPU.ActiveCfg = Debug|Any CPU
		{257C71A6-655D-42C6-9CC1-25BBA7BE5CAB}.Debug|Any CPU.Build.0 = Debug|Any CPU
		{257C71A6-655D-42C6-9CC1-25BBA7BE5CAB}.Release|Any CPU.ActiveCfg = Release|Any CPU
		{257C71A6-655D-42C6-9CC1-25BBA7BE5CAB}.Release|Any CPU.Build.0 = Release|Any CPU
		{38AA5550-CC5E-4577-98DC-A4EC000651F2}.Debug|Any CPU.ActiveCfg = Debug|Any CPU
		{38AA5550-CC5E-4577-98DC-A4EC000651F2}.Debug|Any CPU.Build.0 = Debug|Any CPU
		{38AA5550-CC5E-4577-98DC-A4EC000651F2}.Release|Any CPU.ActiveCfg = Release|Any CPU
		{38AA5550-CC5E-4577-98DC-A4EC000651F2}.Release|Any CPU.Build.0 = Release|Any CPU
		{C2AD4BB5-64AB-488B-B89D-2F85B41173FA}.Debug|Any CPU.ActiveCfg = Debug|Any CPU
		{C2AD4BB5-64AB-488B-B89D-2F85B41173FA}.Debug|Any CPU.Build.0 = Debug|Any CPU
		{C2AD4BB5-64AB-488B-B89D-2F85B41173FA}.Release|Any CPU.ActiveCfg = Release|Any CPU
		{C2AD4BB5-64AB-488B-B89D-2F85B41173FA}.Release|Any CPU.Build.0 = Release|Any CPU
		{8A72EACD-45F9-4AEA-8EFF-26C5B75398B9}.Debug|Any CPU.ActiveCfg = Debug|Any CPU
		{8A72EACD-45F9-4AEA-8EFF-26C5B75398B9}.Debug|Any CPU.Build.0 = Debug|Any CPU
		{8A72EACD-45F9-4AEA-8EFF-26C5B75398B9}.Release|Any CPU.ActiveCfg = Release|Any CPU
		{8A72EACD-45F9-4AEA-8EFF-26C5B75398B9}.Release|Any CPU.Build.0 = Release|Any CPU
		{F062B38C-D1ED-47F3-B5CA-973FDDC7222E}.Debug|Any CPU.ActiveCfg = Debug|Any CPU
		{F062B38C-D1ED-47F3-B5CA-973FDDC7222E}.Debug|Any CPU.Build.0 = Debug|Any CPU
		{F062B38C-D1ED-47F3-B5CA-973FDDC7222E}.Release|Any CPU.ActiveCfg = Release|Any CPU
		{F062B38C-D1ED-47F3-B5CA-973FDDC7222E}.Release|Any CPU.Build.0 = Release|Any CPU
	EndGlobalSection
EndGlobal
